Microsoft Visual Studio Solution File, Format Version 12.00
# Visual Studio Version 17
VisualStudioVersion = 17.5.2.0
MinimumVisualStudioVersion = 10.0.40219.1
Project("{FAE04EC0-301F-11D3-BF4B-00C04F79EFBC}") = "ProjectManagerApp", "ProjectManagerApp.csproj", "{ADD88510-2C7A-88B0-6688-94BE5B9870EA}"
EndProject
Global
	GlobalSection(SolutionConfigurationPlatforms) = preSolution
		Debug|Any CPU = Debug|Any CPU
		Release|Any CPU = Release|Any CPU
	EndGlobalSection
	GlobalSection(ProjectConfigurationPlatforms) = postSolution
		{ADD88510-2C7A-88B0-6688-94BE5B9870EA}.Debug|Any CPU.ActiveCfg = Debug|Any CPU
		{ADD88510-2C7A-88B0-6688-94BE5B9870EA}.Debug|Any CPU.Build.0 = Debug|Any CPU
		{ADD88510-2C7A-88B0-6688-94BE5B9870EA}.Release|Any CPU.ActiveCfg = Release|Any CPU
		{ADD88510-2C7A-88B0-6688-94BE5B9870EA}.Release|Any CPU.Build.0 = Release|Any CPU
	EndGlobalSection
	GlobalSection(SolutionProperties) = preSolution
		HideSolutionNode = FALSE
	EndGlobalSection
	GlobalSection(ExtensibilityGlobals) = postSolution
		SolutionGuid = {3F974378-B2AB-40BF-83A8-EE2E0F946482}
	EndGlobalSection
EndGlobal
